
Microsoft Visual Studio Solution File, Format Version 12.00
# Visual Studio 15
VisualStudioVersion = 15.0.26430.15
MinimumVisualStudioVersion = 10.0.40219.1
Project("{FAE04EC0-301F-11D3-BF4B-00C04F79EFBC}") = "VictoryShot", "VictoryShot\VictoryShot.csproj", "{33A76749-6C63-4099-BA32-DA2390365411}"
EndProject
Project("{FAE04EC0-301F-11D3-BF4B-00C04F79EFBC}") = "VictoryShot.Plugin", "VictoryShot.Plugin\VictoryShot.Plugin.csproj", "{688876B4-D706-40FA-B020-14670ECF1854}"
EndProject
Project("{FAE04EC0-301F-11D3-BF4B-00C04F79EFBC}") = "VictoryShot.Tests", "VictoryShot.Tests\VictoryShot.Tests.csproj", "{8EDF4429-251A-416D-BB68-93F227191BCF}"
EndProject
Global
	GlobalSection(SolutionConfigurationPlatforms) = preSolution
		Debug|Any CPU = Debug|Any CPU
		Debug|x86 = Debug|x86
		Release|Any CPU = Release|Any CPU
		Release|x86 = Release|x86
	EndGlobalSection
	GlobalSection(ProjectConfigurationPlatforms) = postSolution
		{33A76749-6C63-4099-BA32-DA2390365411}.Debug|Any CPU.ActiveCfg = Debug|Any CPU
		{33A76749-6C63-4099-BA32-DA2390365411}.Debug|Any CPU.Build.0 = Debug|Any CPU
		{33A76749-6C63-4099-BA32-DA2390365411}.Debug|x86.ActiveCfg = Debug|x86
		{33A76749-6C63-4099-BA32-DA2390365411}.Debug|x86.Build.0 = Debug|x86
		{33A76749-6C63-4099-BA32-DA2390365411}.Release|Any CPU.ActiveCfg = Release|Any CPU
		{33A76749-6C63-4099-BA32-DA2390365411}.Release|Any CPU.Build.0 = Release|Any CPU
		{33A76749-6C63-4099-BA32-DA2390365411}.Release|x86.ActiveCfg = Release|x86
		{33A76749-6C63-4099-BA32-DA2390365411}.Release|x86.Build.0 = Release|x86
		{688876B4-D706-40FA-B020-14670ECF1854}.Debug|Any CPU.ActiveCfg = Debug|Any CPU
		{688876B4-D706-40FA-B020-14670ECF1854}.Debug|Any CPU.Build.0 = Debug|Any CPU
		{688876B4-D706-40FA-B020-14670ECF1854}.Debug|x86.ActiveCfg = Debug|x86
		{688876B4-D706-40FA-B020-14670ECF1854}.Debug|x86.Build.0 = Debug|x86
		{688876B4-D706-40FA-B020-14670ECF1854}.Release|Any CPU.ActiveCfg = Release|Any CPU
		{688876B4-D706-40FA-B020-14670ECF1854}.Release|Any CPU.Build.0 = Release|Any CPU
		{688876B4-D706-40FA-B020-14670ECF1854}.Release|x86.ActiveCfg = Release|x86
		{688876B4-D706-40FA-B020-14670ECF1854}.Release|x86.Build.0 = Release|x86
		{8EDF4429-251A-416D-BB68-93F227191BCF}.Debug|Any CPU.ActiveCfg = Debug|Any CPU
		{8EDF4429-251A-416D-BB68-93F227191BCF}.Debug|Any CPU.Build.0 = Debug|Any CPU
		{8EDF4429-251A-416D-BB68-93F227191BCF}.Debug|x86.ActiveCfg = Debug|x86
		{8EDF4429-251A-416D-BB68-93F227191BCF}.Debug|x86.Build.0 = Debug|x86
		{8EDF4429-251A-416D-BB68-93F227191BCF}.Release|Any CPU.ActiveCfg = Release|Any CPU
		{8EDF4429-251A-416D-BB68-93F227191BCF}.Release|Any CPU.Build.0 = Release|Any CPU
		{8EDF4429-251A-416D-BB68-93F227191BCF}.Release|x86.ActiveCfg = Release|x86
		{8EDF4429-251A-416D-BB68-93F227191BCF}.Release|x86.Build.0 = Release|x86
	EndGlobalSection
	GlobalSection(SolutionProperties) = preSolution
		HideSolutionNode = FALSE
	EndGlobalSection
EndGlobal
